
Microsoft Visual Studio Solution File, Format Version 12.00
# Visual Studio Version 16
VisualStudioVersion = 16.0.32228.343
MinimumVisualStudioVersion = 10.0.40219.1
Project("{FAE04EC0-301F-11D3-BF4B-00C04F79EFBC}") = "TSWOCR WS", "TSWOCR WS\TSWOCR WS.csproj", "{14A270ED-ED31-4EC6-9A44-778A855EFEDA}"
EndProject
Global
	GlobalSection(SolutionConfigurationPlatforms) = preSolution
		Debug|Any CPU = Debug|Any CPU
		Release|Any CPU = Release|Any CPU
	EndGlobalSection
	GlobalSection(ProjectConfigurationPlatforms) = postSolution
		{14A270ED-ED31-4EC6-9A44-778A855EFEDA}.Debug|Any CPU.ActiveCfg = Debug|Any CPU
		{14A270ED-ED31-4EC6-9A44-778A855EFEDA}.Debug|Any CPU.Build.0 = Debug|Any CPU
		{14A270ED-ED31-4EC6-9A44-778A855EFEDA}.Release|Any CPU.ActiveCfg = Release|Any CPU
		{14A270ED-ED31-4EC6-9A44-778A855EFEDA}.Release|Any CPU.Build.0 = Release|Any CPU
	EndGlobalSection
	GlobalSection(SolutionProperties) = preSolution
		HideSolutionNode = FALSE
	EndGlobalSection
	GlobalSection(ExtensibilityGlobals) = postSolution
		SolutionGuid = {F0F549BC-E712-49E0-A771-08F337A856D9}
	EndGlobalSection
EndGlobal
